// !$*UTF8*$!
{
	archiveVersion = 1;
	classes = {
	};
	objectVersion = 55;
	objects = {

/* Begin PBXBuildFile section */
		6B2FACD627A9673000D02945 /* User.swift in Sources */ = {isa = PBXBuildFile; fileRef = 6B2FACD527A9673000D02945 /* User.swift */; };
		6B2FACD927A9674900D02945 /* UserViewModel.swift in Sources */ = {isa = PBXBuildFile; fileRef = 6B2FACD827A9674900D02945 /* UserViewModel.swift */; };
		6B54633A2796C61300036A09 /* AppDelegate.swift in Sources */ = {isa = PBXBuildFile; fileRef = 6B5463392796C61300036A09 /* AppDelegate.swift */; };
		6B54633C2796C61300036A09 /* SceneDelegate.swift in Sources */ = {isa = PBXBuildFile; fileRef = 6B54633B2796C61300036A09 /* SceneDelegate.swift */; };
		6B5463432796C61900036A09 /* Assets.xcassets in Resources */ = {isa = PBXBuildFile; fileRef = 6B5463422796C61900036A09 /* Assets.xcassets */; };
		6B5463462796C61900036A09 /* LaunchScreen.storyboard in Resources */ = {isa = PBXBuildFile; fileRef = 6B5463442796C61900036A09 /* LaunchScreen.storyboard */; };
		6B54634E2796C7AB00036A09 /* LogInView.swift in Sources */ = {isa = PBXBuildFile; fileRef = 6B54634D2796C7AB00036A09 /* LogInView.swift */; };
		6B5463502796C7DC00036A09 /* LogInViewController.swift in Sources */ = {isa = PBXBuildFile; fileRef = 6B54634F2796C7DC00036A09 /* LogInViewController.swift */; };
		6B5463522796C80B00036A09 /* UILabel+Extension.swift in Sources */ = {isa = PBXBuildFile; fileRef = 6B5463512796C80B00036A09 /* UILabel+Extension.swift */; };
		6B5463542796C82600036A09 /* UIColor+Extension.swift in Sources */ = {isa = PBXBuildFile; fileRef = 6B5463532796C82600036A09 /* UIColor+Extension.swift */; };
		6B5463562796C84000036A09 /* CALayer+Extension.swift in Sources */ = {isa = PBXBuildFile; fileRef = 6B5463552796C84000036A09 /* CALayer+Extension.swift */; };
		6B5463582797E08C00036A09 /* AuthManager.swift in Sources */ = {isa = PBXBuildFile; fileRef = 6B5463572797E08C00036A09 /* AuthManager.swift */; };
		6B5463602797F08700036A09 /* SMSCodeViewController.swift in Sources */ = {isa = PBXBuildFile; fileRef = 6B54635F2797F08700036A09 /* SMSCodeViewController.swift */; };
		6B5463622797F18D00036A09 /* GoogleService-Info.plist in Resources */ = {isa = PBXBuildFile; fileRef = 6B5463612797F18D00036A09 /* GoogleService-Info.plist */; };
		6B5463642797F7B900036A09 /* SMSCodeView.swift in Sources */ = {isa = PBXBuildFile; fileRef = 6B5463632797F7B900036A09 /* SMSCodeView.swift */; };
		6B9BF88627995DD500B9ABE7 /* SUNickNameView.swift in Sources */ = {isa = PBXBuildFile; fileRef = 6B9BF88527995DD500B9ABE7 /* SUNickNameView.swift */; };
		6B9BF88827995DE500B9ABE7 /* SUNickNameViewController.swift in Sources */ = {isa = PBXBuildFile; fileRef = 6B9BF88727995DE500B9ABE7 /* SUNickNameViewController.swift */; };
		6B9BF88A27996BBB00B9ABE7 /* SUBirthView.swift in Sources */ = {isa = PBXBuildFile; fileRef = 6B9BF88927996BBB00B9ABE7 /* SUBirthView.swift */; };
		6B9BF88C279971B800B9ABE7 /* SUBirthViewController.swift in Sources */ = {isa = PBXBuildFile; fileRef = 6B9BF88B279971B800B9ABE7 /* SUBirthViewController.swift */; };
		6B9BF88E279A7A6800B9ABE7 /* SUEmailView.swift in Sources */ = {isa = PBXBuildFile; fileRef = 6B9BF88D279A7A6800B9ABE7 /* SUEmailView.swift */; };
		6B9BF890279A7A7300B9ABE7 /* SUEmailViewController.swift in Sources */ = {isa = PBXBuildFile; fileRef = 6B9BF88F279A7A7300B9ABE7 /* SUEmailViewController.swift */; };
		6B9BF892279A82BF00B9ABE7 /* SUGenderView.swift in Sources */ = {isa = PBXBuildFile; fileRef = 6B9BF891279A82BF00B9ABE7 /* SUGenderView.swift */; };
		6B9BF894279A82C800B9ABE7 /* SUGenderViewController.swift in Sources */ = {isa = PBXBuildFile; fileRef = 6B9BF893279A82C800B9ABE7 /* SUGenderViewController.swift */; };
		6BCBDFA427AA8CD5000D432E /* Observable.swift in Sources */ = {isa = PBXBuildFile; fileRef = 6BCBDFA327AA8CD5000D432E /* Observable.swift */; };
		6BCBDFA727AA8E74000D432E /* EndPoint.swift in Sources */ = {isa = PBXBuildFile; fileRef = 6BCBDFA627AA8E74000D432E /* EndPoint.swift */; };
		6BCBDFAB27AB9065000D432E /* TabbarController.swift in Sources */ = {isa = PBXBuildFile; fileRef = 6BCBDFAA27AB9065000D432E /* TabbarController.swift */; };
		6BCBDFAD27AB92F7000D432E /* SeSACHomeViewController.swift in Sources */ = {isa = PBXBuildFile; fileRef = 6BCBDFAC27AB92F7000D432E /* SeSACHomeViewController.swift */; };
		6BCBDFAF27AB9300000D432E /* SeSACShopViewController.swift in Sources */ = {isa = PBXBuildFile; fileRef = 6BCBDFAE27AB9300000D432E /* SeSACShopViewController.swift */; };
		6BCBDFB127AB930D000D432E /* SeSACFriendViewController.swift in Sources */ = {isa = PBXBuildFile; fileRef = 6BCBDFB027AB930D000D432E /* SeSACFriendViewController.swift */; };
		6BCBDFB327AB931A000D432E /* MyPageViewController.swift in Sources */ = {isa = PBXBuildFile; fileRef = 6BCBDFB227AB931A000D432E /* MyPageViewController.swift */; };
		6BCBDFB527ABA00D000D432E /* SeSACHomeView.swift in Sources */ = {isa = PBXBuildFile; fileRef = 6BCBDFB427ABA00D000D432E /* SeSACHomeView.swift */; };
		6BCBDFB727ABB6C2000D432E /* MyPageView.swift in Sources */ = {isa = PBXBuildFile; fileRef = 6BCBDFB627ABB6C2000D432E /* MyPageView.swift */; };
		6BCBDFB927ABBDDD000D432E /* MyInfoView.swift in Sources */ = {isa = PBXBuildFile; fileRef = 6BCBDFB827ABBDDD000D432E /* MyInfoView.swift */; };
		6BCBDFBB27ABD4DF000D432E /* MyInfoViewController.swift in Sources */ = {isa = PBXBuildFile; fileRef = 6BCBDFBA27ABD4DE000D432E /* MyInfoViewController.swift */; };
		FE598EBF792082550DF44231 /* Pods_HubbyBuddy.framework in Frameworks */ = {isa = PBXBuildFile; fileRef = EE385D60DA1A8AE7CDF6517E /* Pods_HubbyBuddy.framework */; };
/* End PBXBuildFile section */

/* Begin PBXFileReference section */
		588B41C52C6140F16CBB5C12 /* Pods-HubbyBuddy.debug.xcconfig */ = {isa = PBXFileReference; includeInIndex = 1; lastKnownFileType = text.xcconfig; name = "Pods-HubbyBuddy.debug.xcconfig"; path = "Target Support Files/Pods-HubbyBuddy/Pods-HubbyBuddy.debug.xcconfig"; sourceTree = "<group>"; };
		6B2FACD527A9673000D02945 /* User.swift */ = {isa = PBXFileReference; lastKnownFileType = sourcecode.swift; path = User.swift; sourceTree = "<group>"; };
		6B2FACD827A9674900D02945 /* UserViewModel.swift */ = {isa = PBXFileReference; lastKnownFileType = sourcecode.swift; path = UserViewModel.swift; sourceTree = "<group>"; };
		6B5463362796C61300036A09 /* HubbyBuddy.app */ = {isa = PBXFileReference; explicitFileType = wrapper.application; includeInIndex = 0; path = HubbyBuddy.app; sourceTree = BUILT_PRODUCTS_DIR; };
		6B5463392796C61300036A09 /* AppDelegate.swift */ = {isa = PBXFileReference; lastKnownFileType = sourcecode.swift; path = AppDelegate.swift; sourceTree = "<group>"; };
		6B54633B2796C61300036A09 /* SceneDelegate.swift */ = {isa = PBXFileReference; lastKnownFileType = sourcecode.swift; path = SceneDelegate.swift; sourceTree = "<group>"; };
		6B5463422796C61900036A09 /* Assets.xcassets */ = {isa = PBXFileReference; lastKnownFileType = folder.assetcatalog; path = Assets.xcassets; sourceTree = "<group>"; };
		6B5463452796C61900036A09 /* Base */ = {isa = PBXFileReference; lastKnownFileType = file.storyboard; name = Base; path = Base.lproj/LaunchScreen.storyboard; sourceTree = "<group>"; };
		6B5463472796C61900036A09 /* Info.plist */ = {isa = PBXFileReference; lastKnownFileType = text.plist.xml; path = Info.plist; sourceTree = "<group>"; };
		6B54634D2796C7AB00036A09 /* LogInView.swift */ = {isa = PBXFileReference; lastKnownFileType = sourcecode.swift; path = LogInView.swift; sourceTree = "<group>"; };
		6B54634F2796C7DC00036A09 /* LogInViewController.swift */ = {isa = PBXFileReference; lastKnownFileType = sourcecode.swift; path = LogInViewController.swift; sourceTree = "<group>"; };
		6B5463512796C80B00036A09 /* UILabel+Extension.swift */ = {isa = PBXFileReference; lastKnownFileType = sourcecode.swift; path = "UILabel+Extension.swift"; sourceTree = "<group>"; };
		6B5463532796C82600036A09 /* UIColor+Extension.swift */ = {isa = PBXFileReference; lastKnownFileType = sourcecode.swift; path = "UIColor+Extension.swift"; sourceTree = "<group>"; };
		6B5463552796C84000036A09 /* CALayer+Extension.swift */ = {isa = PBXFileReference; lastKnownFileType = sourcecode.swift; path = "CALayer+Extension.swift"; sourceTree = "<group>"; };
		6B5463572797E08C00036A09 /* AuthManager.swift */ = {isa = PBXFileReference; lastKnownFileType = sourcecode.swift; path = AuthManager.swift; sourceTree = "<group>"; };
		6B54635F2797F08700036A09 /* SMSCodeViewController.swift */ = {isa = PBXFileReference; lastKnownFileType = sourcecode.swift; path = SMSCodeViewController.swift; sourceTree = "<group>"; };
		6B5463612797F18D00036A09 /* GoogleService-Info.plist */ = {isa = PBXFileReference; fileEncoding = 4; lastKnownFileType = text.plist.xml; path = "GoogleService-Info.plist"; sourceTree = "<group>"; };
		6B5463632797F7B900036A09 /* SMSCodeView.swift */ = {isa = PBXFileReference; lastKnownFileType = sourcecode.swift; path = SMSCodeView.swift; sourceTree = "<group>"; };
		6B9BF88527995DD500B9ABE7 /* SUNickNameView.swift */ = {isa = PBXFileReference; lastKnownFileType = sourcecode.swift; path = SUNickNameView.swift; sourceTree = "<group>"; };
		6B9BF88727995DE500B9ABE7 /* SUNickNameViewController.swift */ = {isa = PBXFileReference; lastKnownFileType = sourcecode.swift; path = SUNickNameViewController.swift; sourceTree = "<group>"; };
		6B9BF88927996BBB00B9ABE7 /* SUBirthView.swift */ = {isa = PBXFileReference; lastKnownFileType = sourcecode.swift; path = SUBirthView.swift; sourceTree = "<group>"; };
		6B9BF88B279971B800B9ABE7 /* SUBirthViewController.swift */ = {isa = PBXFileReference; lastKnownFileType = sourcecode.swift; path = SUBirthViewController.swift; sourceTree = "<group>"; };
		6B9BF88D279A7A6800B9ABE7 /* SUEmailView.swift */ = {isa = PBXFileReference; lastKnownFileType = sourcecode.swift; path = SUEmailView.swift; sourceTree = "<group>"; };
		6B9BF88F279A7A7300B9ABE7 /* SUEmailViewController.swift */ = {isa = PBXFileReference; lastKnownFileType = sourcecode.swift; path = SUEmailViewController.swift; sourceTree = "<group>"; };
		6B9BF891279A82BF00B9ABE7 /* SUGenderView.swift */ = {isa = PBXFileReference; lastKnownFileType = sourcecode.swift; path = SUGenderView.swift; sourceTree = "<group>"; };
		6B9BF893279A82C800B9ABE7 /* SUGenderViewController.swift */ = {isa = PBXFileReference; lastKnownFileType = sourcecode.swift; path = SUGenderViewController.swift; sourceTree = "<group>"; };
		6BCBDFA327AA8CD5000D432E /* Observable.swift */ = {isa = PBXFileReference; lastKnownFileType = sourcecode.swift; path = Observable.swift; sourceTree = "<group>"; };
		6BCBDFA627AA8E74000D432E /* EndPoint.swift */ = {isa = PBXFileReference; lastKnownFileType = sourcecode.swift; path = EndPoint.swift; sourceTree = "<group>"; };
		6BCBDFAA27AB9065000D432E /* TabbarController.swift */ = {isa = PBXFileReference; lastKnownFileType = sourcecode.swift; path = TabbarController.swift; sourceTree = "<group>"; };
		6BCBDFAC27AB92F7000D432E /* SeSACHomeViewController.swift */ = {isa = PBXFileReference; lastKnownFileType = sourcecode.swift; path = SeSACHomeViewController.swift; sourceTree = "<group>"; };
		6BCBDFAE27AB9300000D432E /* SeSACShopViewController.swift */ = {isa = PBXFileReference; lastKnownFileType = sourcecode.swift; path = SeSACShopViewController.swift; sourceTree = "<group>"; };
		6BCBDFB027AB930D000D432E /* SeSACFriendViewController.swift */ = {isa = PBXFileReference; lastKnownFileType = sourcecode.swift; path = SeSACFriendViewController.swift; sourceTree = "<group>"; };
		6BCBDFB227AB931A000D432E /* MyPageViewController.swift */ = {isa = PBXFileReference; lastKnownFileType = sourcecode.swift; path = MyPageViewController.swift; sourceTree = "<group>"; };
		6BCBDFB427ABA00D000D432E /* SeSACHomeView.swift */ = {isa = PBXFileReference; lastKnownFileType = sourcecode.swift; path = SeSACHomeView.swift; sourceTree = "<group>"; };
		6BCBDFB627ABB6C2000D432E /* MyPageView.swift */ = {isa = PBXFileReference; lastKnownFileType = sourcecode.swift; path = MyPageView.swift; sourceTree = "<group>"; };
		6BCBDFB827ABBDDD000D432E /* MyInfoView.swift */ = {isa = PBXFileReference; lastKnownFileType = sourcecode.swift; path = MyInfoView.swift; sourceTree = "<group>"; };
		6BCBDFBA27ABD4DE000D432E /* MyInfoViewController.swift */ = {isa = PBXFileReference; lastKnownFileType = sourcecode.swift; path = MyInfoViewController.swift; sourceTree = "<group>"; };
		9D9B8718E4B4031647B011BF /* Pods-HubbyBuddy.release.xcconfig */ = {isa = PBXFileReference; includeInIndex = 1; lastKnownFileType = text.xcconfig; name = "Pods-HubbyBuddy.release.xcconfig"; path = "Target Support Files/Pods-HubbyBuddy/Pods-HubbyBuddy.release.xcconfig"; sourceTree = "<group>"; };
		EE385D60DA1A8AE7CDF6517E /* Pods_HubbyBuddy.framework */ = {isa = PBXFileReference; explicitFileType = wrapper.framework; includeInIndex = 0; path = Pods_HubbyBuddy.framework; sourceTree = BUILT_PRODUCTS_DIR; };
/* End PBXFileReference section */

/* Begin PBXFrameworksBuildPhase section */
		6B5463332796C61300036A09 /* Frameworks */ = {
			isa = PBXFrameworksBuildPhase;
			buildActionMask = 2147483647;
			files = (
				FE598EBF792082550DF44231 /* Pods_HubbyBuddy.framework in Frameworks */,
			);
			runOnlyForDeploymentPostprocessing = 0;
		};
/* End PBXFrameworksBuildPhase section */

/* Begin PBXGroup section */
		12224B932092C3C13C7D9B9F /* Frameworks */ = {
			isa = PBXGroup;
			children = (
				EE385D60DA1A8AE7CDF6517E /* Pods_HubbyBuddy.framework */,
			);
			name = Frameworks;
			sourceTree = "<group>";
		};
		6B2FACD227A10FB200D02945 /* Model */ = {
			isa = PBXGroup;
			children = (
				6B2FACD527A9673000D02945 /* User.swift */,
			);
			path = Model;
			sourceTree = "<group>";
		};
		6B2FACD727A9673500D02945 /* ViewModel */ = {
			isa = PBXGroup;
			children = (
				6B2FACD827A9674900D02945 /* UserViewModel.swift */,
			);
			path = ViewModel;
			sourceTree = "<group>";
		};
		6B54632D2796C61200036A09 = {
			isa = PBXGroup;
			children = (
				6B5463382796C61300036A09 /* HubbyBuddy */,
				6B5463372796C61300036A09 /* Products */,
				E5B1608F9D0C0D4A2E29D16F /* Pods */,
				12224B932092C3C13C7D9B9F /* Frameworks */,
			);
			sourceTree = "<group>";
		};
		6B5463372796C61300036A09 /* Products */ = {
			isa = PBXGroup;
			children = (
				6B5463362796C61300036A09 /* HubbyBuddy.app */,
			);
			name = Products;
			sourceTree = "<group>";
		};
		6B5463382796C61300036A09 /* HubbyBuddy */ = {
			isa = PBXGroup;
			children = (
				6B5463472796C61900036A09 /* Info.plist */,
				6B5463612797F18D00036A09 /* GoogleService-Info.plist */,
				6B2FACD227A10FB200D02945 /* Model */,
				6B5463682797F87D00036A09 /* Defaults */,
				6BCBDFA527AA8E69000D432E /* API */,
				6B2FACD727A9673500D02945 /* ViewModel */,
				6B5463672797F85D00036A09 /* Helpers */,
				6B5463662797F85700036A09 /* Views */,
				6B5463652797F85100036A09 /* Controllers */,
			);
			path = HubbyBuddy;
			sourceTree = "<group>";
		};
		6B5463652797F85100036A09 /* Controllers */ = {
			isa = PBXGroup;
			children = (
				6B54634F2796C7DC00036A09 /* LogInViewController.swift */,
				6B54635F2797F08700036A09 /* SMSCodeViewController.swift */,
				6B9BF88727995DE500B9ABE7 /* SUNickNameViewController.swift */,
				6B9BF88B279971B800B9ABE7 /* SUBirthViewController.swift */,
				6B9BF88F279A7A7300B9ABE7 /* SUEmailViewController.swift */,
				6B9BF893279A82C800B9ABE7 /* SUGenderViewController.swift */,
				6BCBDFAA27AB9065000D432E /* TabbarController.swift */,
				6BCBDFAC27AB92F7000D432E /* SeSACHomeViewController.swift */,
				6BCBDFAE27AB9300000D432E /* SeSACShopViewController.swift */,
				6BCBDFB027AB930D000D432E /* SeSACFriendViewController.swift */,
				6BCBDFB227AB931A000D432E /* MyPageViewController.swift */,
				6BCBDFBA27ABD4DE000D432E /* MyInfoViewController.swift */,
			);
			path = Controllers;
			sourceTree = "<group>";
		};
		6B5463662797F85700036A09 /* Views */ = {
			isa = PBXGroup;
			children = (
				6B54634D2796C7AB00036A09 /* LogInView.swift */,
				6B5463632797F7B900036A09 /* SMSCodeView.swift */,
				6B9BF88527995DD500B9ABE7 /* SUNickNameView.swift */,
				6B9BF88927996BBB00B9ABE7 /* SUBirthView.swift */,
				6B9BF88D279A7A6800B9ABE7 /* SUEmailView.swift */,
				6B9BF891279A82BF00B9ABE7 /* SUGenderView.swift */,
				6BCBDFB427ABA00D000D432E /* SeSACHomeView.swift */,
				6BCBDFB627ABB6C2000D432E /* MyPageView.swift */,
				6BCBDFB827ABBDDD000D432E /* MyInfoView.swift */,
			);
			path = Views;
			sourceTree = "<group>";
		};
		6B5463672797F85D00036A09 /* Helpers */ = {
			isa = PBXGroup;
			children = (
				6B5463572797E08C00036A09 /* AuthManager.swift */,
				6B5463512796C80B00036A09 /* UILabel+Extension.swift */,
				6B5463532796C82600036A09 /* UIColor+Extension.swift */,
				6B5463552796C84000036A09 /* CALayer+Extension.swift */,
				6BCBDFA327AA8CD5000D432E /* Observable.swift */,
			);
			path = Helpers;
			sourceTree = "<group>";
		};
		6B5463682797F87D00036A09 /* Defaults */ = {
			isa = PBXGroup;
			children = (
				6B5463392796C61300036A09 /* AppDelegate.swift */,
				6B54633B2796C61300036A09 /* SceneDelegate.swift */,
				6B5463422796C61900036A09 /* Assets.xcassets */,
				6B5463442796C61900036A09 /* LaunchScreen.storyboard */,
			);
			path = Defaults;
			sourceTree = "<group>";
		};
		6BCBDFA527AA8E69000D432E /* API */ = {
			isa = PBXGroup;
			children = (
				6BCBDFA627AA8E74000D432E /* EndPoint.swift */,
			);
			path = API;
			sourceTree = "<group>";
		};
		E5B1608F9D0C0D4A2E29D16F /* Pods */ = {
			isa = PBXGroup;
			children = (
				588B41C52C6140F16CBB5C12 /* Pods-HubbyBuddy.debug.xcconfig */,
				9D9B8718E4B4031647B011BF /* Pods-HubbyBuddy.release.xcconfig */,
			);
			path = Pods;
			sourceTree = "<group>";
		};
/* End PBXGroup section */

/* Begin PBXNativeTarget section */
		6B5463352796C61300036A09 /* HubbyBuddy */ = {
			isa = PBXNativeTarget;
			buildConfigurationList = 6B54634A2796C61900036A09 /* Build configuration list for PBXNativeTarget "HubbyBuddy" */;
			buildPhases = (
				BC4B1B6CAA16EC1FC9D7CC49 /* [CP] Check Pods Manifest.lock */,
				6B5463322796C61300036A09 /* Sources */,
				6B5463332796C61300036A09 /* Frameworks */,
				6B5463342796C61300036A09 /* Resources */,
				F9B114424742451137DD6050 /* [CP] Embed Pods Frameworks */,
			);
			buildRules = (
			);
			dependencies = (
			);
			name = HubbyBuddy;
			productName = HubbyBuddy;
			productReference = 6B5463362796C61300036A09 /* HubbyBuddy.app */;
			productType = "com.apple.product-type.application";
		};
/* End PBXNativeTarget section */

/* Begin PBXProject section */
		6B54632E2796C61300036A09 /* Project object */ = {
			isa = PBXProject;
			attributes = {
				BuildIndependentTargetsInParallel = 1;
				LastSwiftUpdateCheck = 1300;
				LastUpgradeCheck = 1300;
				TargetAttributes = {
					6B5463352796C61300036A09 = {
						CreatedOnToolsVersion = 13.0;
					};
				};
			};
			buildConfigurationList = 6B5463312796C61300036A09 /* Build configuration list for PBXProject "HubbyBuddy" */;
			compatibilityVersion = "Xcode 13.0";
			developmentRegion = en;
			hasScannedForEncodings = 0;
			knownRegions = (
				en,
				Base,
			);
			mainGroup = 6B54632D2796C61200036A09;
			productRefGroup = 6B5463372796C61300036A09 /* Products */;
			projectDirPath = "";
			projectRoot = "";
			targets = (
				6B5463352796C61300036A09 /* HubbyBuddy */,
			);
		};
/* End PBXProject section */

/* Begin PBXResourcesBuildPhase section */
		6B5463342796C61300036A09 /* Resources */ = {
			isa = PBXResourcesBuildPhase;
			buildActionMask = 2147483647;
			files = (
				6B5463462796C61900036A09 /* LaunchScreen.storyboard in Resources */,
				6B5463432796C61900036A09 /* Assets.xcassets in Resources */,
				6B5463622797F18D00036A09 /* GoogleService-Info.plist in Resources */,
			);
			runOnlyForDeploymentPostprocessing = 0;
		};
/* End PBXResourcesBuildPhase section */

/* Begin PBXShellScriptBuildPhase section */
		BC4B1B6CAA16EC1FC9D7CC49 /* [CP] Check Pods Manifest.lock */ = {
			isa = PBXShellScriptBuildPhase;
			buildActionMask = 2147483647;
			files = (
			);
			inputFileListPaths = (
			);
			inputPaths = (
				"${PODS_PODFILE_DIR_PATH}/Podfile.lock",
				"${PODS_ROOT}/Manifest.lock",
			);
			name = "[CP] Check Pods Manifest.lock";
			outputFileListPaths = (
			);
			outputPaths = (
				"$(DERIVED_FILE_DIR)/Pods-HubbyBuddy-checkManifestLockResult.txt",
			);
			runOnlyForDeploymentPostprocessing = 0;
			shellPath = /bin/sh;
			shellScript = "diff \"${PODS_PODFILE_DIR_PATH}/Podfile.lock\" \"${PODS_ROOT}/Manifest.lock\" > /dev/null\nif [ $? != 0 ] ; then\n    # print error to STDERR\n    echo \"error: The sandbox is not in sync with the Podfile.lock. Run 'pod install' or update your CocoaPods installation.\" >&2\n    exit 1\nfi\n# This output is used by Xcode 'outputs' to avoid re-running this script phase.\necho \"SUCCESS\" > \"${SCRIPT_OUTPUT_FILE_0}\"\n";
			showEnvVarsInLog = 0;
		};
		F9B114424742451137DD6050 /* [CP] Embed Pods Frameworks */ = {
			isa = PBXShellScriptBuildPhase;
			buildActionMask = 2147483647;
			files = (
			);
			inputFileListPaths = (
				"${PODS_ROOT}/Target Support Files/Pods-HubbyBuddy/Pods-HubbyBuddy-frameworks-${CONFIGURATION}-input-files.xcfilelist",
			);
			name = "[CP] Embed Pods Frameworks";
			outputFileListPaths = (
				"${PODS_ROOT}/Target Support Files/Pods-HubbyBuddy/Pods-HubbyBuddy-frameworks-${CONFIGURATION}-output-files.xcfilelist",
			);
			runOnlyForDeploymentPostprocessing = 0;
			shellPath = /bin/sh;
			shellScript = "\"${PODS_ROOT}/Target Support Files/Pods-HubbyBuddy/Pods-HubbyBuddy-frameworks.sh\"\n";
			showEnvVarsInLog = 0;
		};
/* End PBXShellScriptBuildPhase section */

/* Begin PBXSourcesBuildPhase section */
		6B5463322796C61300036A09 /* Sources */ = {
			isa = PBXSourcesBuildPhase;
			buildActionMask = 2147483647;
			files = (
				6BCBDFA427AA8CD5000D432E /* Observable.swift in Sources */,
				6BCBDFAB27AB9065000D432E /* TabbarController.swift in Sources */,
				6B5463542796C82600036A09 /* UIColor+Extension.swift in Sources */,
				6B5463642797F7B900036A09 /* SMSCodeView.swift in Sources */,
				6BCBDFB127AB930D000D432E /* SeSACFriendViewController.swift in Sources */,
				6B9BF88C279971B800B9ABE7 /* SUBirthViewController.swift in Sources */,
				6BCBDFA727AA8E74000D432E /* EndPoint.swift in Sources */,
				6B5463582797E08C00036A09 /* AuthManager.swift in Sources */,
				6B9BF892279A82BF00B9ABE7 /* SUGenderView.swift in Sources */,
				6B54633A2796C61300036A09 /* AppDelegate.swift in Sources */,
				6BCBDFB327AB931A000D432E /* MyPageViewController.swift in Sources */,
				6B9BF890279A7A7300B9ABE7 /* SUEmailViewController.swift in Sources */,
				6B5463562796C84000036A09 /* CALayer+Extension.swift in Sources */,
				6B2FACD627A9673000D02945 /* User.swift in Sources */,
				6BCBDFAF27AB9300000D432E /* SeSACShopViewController.swift in Sources */,
				6B5463522796C80B00036A09 /* UILabel+Extension.swift in Sources */,
				6B9BF894279A82C800B9ABE7 /* SUGenderViewController.swift in Sources */,
				6BCBDFB527ABA00D000D432E /* SeSACHomeView.swift in Sources */,
				6B9BF88827995DE500B9ABE7 /* SUNickNameViewController.swift in Sources */,
				6BCBDFAD27AB92F7000D432E /* SeSACHomeViewController.swift in Sources */,
				6BCBDFBB27ABD4DF000D432E /* MyInfoViewController.swift in Sources */,
				6B5463602797F08700036A09 /* SMSCodeViewController.swift in Sources */,
				6B9BF88E279A7A6800B9ABE7 /* SUEmailView.swift in Sources */,
				6BCBDFB927ABBDDD000D432E /* MyInfoView.swift in Sources */,
				6B54634E2796C7AB00036A09 /* LogInView.swift in Sources */,
				6B5463502796C7DC00036A09 /* LogInViewController.swift in Sources */,
				6BCBDFB727ABB6C2000D432E /* MyPageView.swift in Sources */,
				6B9BF88A27996BBB00B9ABE7 /* SUBirthView.swift in Sources */,
				6B54633C2796C61300036A09 /* SceneDelegate.swift in Sources */,
				6B2FACD927A9674900D02945 /* UserViewModel.swift in Sources */,
				6B9BF88627995DD500B9ABE7 /* SUNickNameView.swift in Sources */,
			);
			runOnlyForDeploymentPostprocessing = 0;
		};
/* End PBXSourcesBuildPhase section */

/* Begin PBXVariantGroup section */
		6B5463442796C61900036A09 /* LaunchScreen.storyboard */ = {
			isa = PBXVariantGroup;
			children = (
				6B5463452796C61900036A09 /* Base */,
			);
			name = LaunchScreen.storyboard;
			sourceTree = "<group>";
		};
/* End PBXVariantGroup section */

/* Begin XCBuildConfiguration section */
		6B5463482796C61900036A09 /* Debug */ = {
			isa = XCBuildConfiguration;
			buildSettings = {
				ALWAYS_SEARCH_USER_PATHS = NO;
				CLANG_ANALYZER_NONNULL = YES;
				CLANG_ANALYZER_NUMBER_OBJECT_CONVERSION = YES_AGGRESSIVE;
				CLANG_CXX_LANGUAGE_STANDARD = "gnu++17";
				CLANG_CXX_LIBRARY = "libc++";
				CLANG_ENABLE_MODULES = YES;
				CLANG_ENABLE_OBJC_ARC = YES;
				CLANG_ENABLE_OBJC_WEAK = YES;
				CLANG_WARN_BLOCK_CAPTURE_AUTORELEASING = YES;
				CLANG_WARN_BOOL_CONVERSION = YES;
				CLANG_WARN_COMMA = YES;
				CLANG_WARN_CONSTANT_CONVERSION = YES;
				CLANG_WARN_DEPRECATED_OBJC_IMPLEMENTATIONS = YES;
				CLANG_WARN_DIRECT_OBJC_ISA_USAGE = YES_ERROR;
				CLANG_WARN_DOCUMENTATION_COMMENTS = YES;
				CLANG_WARN_EMPTY_BODY = YES;
				CLANG_WARN_ENUM_CONVERSION = YES;
				CLANG_WARN_INFINITE_RECURSION = YES;
				CLANG_WARN_INT_CONVERSION = YES;
				CLANG_WARN_NON_LITERAL_NULL_CONVERSION = YES;
				CLANG_WARN_OBJC_IMPLICIT_RETAIN_SELF = YES;
				CLANG_WARN_OBJC_LITERAL_CONVERSION = YES;
				CLANG_WARN_OBJC_ROOT_CLASS = YES_ERROR;
				CLANG_WARN_QUOTED_INCLUDE_IN_FRAMEWORK_HEADER = YES;
				CLANG_WARN_RANGE_LOOP_ANALYSIS = YES;
				CLANG_WARN_STRICT_PROTOTYPES = YES;
				CLANG_WARN_SUSPICIOUS_MOVE = YES;
				CLANG_WARN_UNGUARDED_AVAILABILITY = YES_AGGRESSIVE;
				CLANG_WARN_UNREACHABLE_CODE = YES;
				CLANG_WARN__DUPLICATE_METHOD_MATCH = YES;
				COPY_PHASE_STRIP = NO;
				DEBUG_INFORMATION_FORMAT = dwarf;
				ENABLE_STRICT_OBJC_MSGSEND = YES;
				ENABLE_TESTABILITY = YES;
				GCC_C_LANGUAGE_STANDARD = gnu11;
				GCC_DYNAMIC_NO_PIC = NO;
				GCC_NO_COMMON_BLOCKS = YES;
				GCC_OPTIMIZATION_LEVEL = 0;
				GCC_PREPROCESSOR_DEFINITIONS = (
					"DEBUG=1",
					"$(inherited)",
				);
				GCC_WARN_64_TO_32_BIT_CONVERSION = YES;
				GCC_WARN_ABOUT_RETURN_TYPE = YES_ERROR;
				GCC_WARN_UNDECLARED_SELECTOR = YES;
				GCC_WARN_UNINITIALIZED_AUTOS = YES_AGGRESSIVE;
				GCC_WARN_UNUSED_FUNCTION = YES;
				GCC_WARN_UNUSED_VARIABLE = YES;
				IPHONEOS_DEPLOYMENT_TARGET = 15.0;
				MTL_ENABLE_DEBUG_INFO = INCLUDE_SOURCE;
				MTL_FAST_MATH = YES;
				ONLY_ACTIVE_ARCH = YES;
				SDKROOT = iphoneos;
				SWIFT_ACTIVE_COMPILATION_CONDITIONS = DEBUG;
				SWIFT_OPTIMIZATION_LEVEL = "-Onone";
			};
			name = Debug;
		};
		6B5463492796C61900036A09 /* Release */ = {
			isa = XCBuildConfiguration;
			buildSettings = {
				ALWAYS_SEARCH_USER_PATHS = NO;
				CLANG_ANALYZER_NONNULL = YES;
				CLANG_ANALYZER_NUMBER_OBJECT_CONVERSION = YES_AGGRESSIVE;
				CLANG_CXX_LANGUAGE_STANDARD = "gnu++17";
				CLANG_CXX_LIBRARY = "libc++";
				CLANG_ENABLE_MODULES = YES;
				CLANG_ENABLE_OBJC_ARC = YES;
				CLANG_ENABLE_OBJC_WEAK = YES;
				CLANG_WARN_BLOCK_CAPTURE_AUTORELEASING = YES;
				CLANG_WARN_BOOL_CONVERSION = YES;
				CLANG_WARN_COMMA = YES;
				CLANG_WARN_CONSTANT_CONVERSION = YES;
				CLANG_WARN_DEPRECATED_OBJC_IMPLEMENTATIONS = YES;
				CLANG_WARN_DIRECT_OBJC_ISA_USAGE = YES_ERROR;
				CLANG_WARN_DOCUMENTATION_COMMENTS = YES;
				CLANG_WARN_EMPTY_BODY = YES;
				CLANG_WARN_ENUM_CONVERSION = YES;
				CLANG_WARN_INFINITE_RECURSION = YES;
				CLANG_WARN_INT_CONVERSION = YES;
				CLANG_WARN_NON_LITERAL_NULL_CONVERSION = YES;
				CLANG_WARN_OBJC_IMPLICIT_RETAIN_SELF = YES;
				CLANG_WARN_OBJC_LITERAL_CONVERSION = YES;
				CLANG_WARN_OBJC_ROOT_CLASS = YES_ERROR;
				CLANG_WARN_QUOTED_INCLUDE_IN_FRAMEWORK_HEADER = YES;
				CLANG_WARN_RANGE_LOOP_ANALYSIS = YES;
				CLANG_WARN_STRICT_PROTOTYPES = YES;
				CLANG_WARN_SUSPICIOUS_MOVE = YES;
				CLANG_WARN_UNGUARDED_AVAILABILITY = YES_AGGRESSIVE;
				CLANG_WARN_UNREACHABLE_CODE = YES;
				CLANG_WARN__DUPLICATE_METHOD_MATCH = YES;
				COPY_PHASE_STRIP = NO;
				DEBUG_INFORMATION_FORMAT = "dwarf-with-dsym";
				ENABLE_NS_ASSERTIONS = NO;
				ENABLE_STRICT_OBJC_MSGSEND = YES;
				GCC_C_LANGUAGE_STANDARD = gnu11;
				GCC_NO_COMMON_BLOCKS = YES;
				GCC_WARN_64_TO_32_BIT_CONVERSION = YES;
				GCC_WARN_ABOUT_RETURN_TYPE = YES_ERROR;
				GCC_WARN_UNDECLARED_SELECTOR = YES;
				GCC_WARN_UNINITIALIZED_AUTOS = YES_AGGRESSIVE;
				GCC_WARN_UNUSED_FUNCTION = YES;
				GCC_WARN_UNUSED_VARIABLE = YES;
				IPHONEOS_DEPLOYMENT_TARGET = 15.0;
				MTL_ENABLE_DEBUG_INFO = NO;
				MTL_FAST_MATH = YES;
				SDKROOT = iphoneos;
				SWIFT_COMPILATION_MODE = wholemodule;
				SWIFT_OPTIMIZATION_LEVEL = "-O";
				VALIDATE_PRODUCT = YES;
			};
			name = Release;
		};
		6B54634B2796C61900036A09 /* Debug */ = {
			isa = XCBuildConfiguration;
			baseConfigurationReference = 588B41C52C6140F16CBB5C12 /* Pods-HubbyBuddy.debug.xcconfig */;
			buildSettings = {
				ASSETCATALOG_COMPILER_APPICON_NAME = AppIcon;
				ASSETCATALOG_COMPILER_GLOBAL_ACCENT_COLOR_NAME = AccentColor;
				CODE_SIGN_STYLE = Automatic;
				CURRENT_PROJECT_VERSION = 1;
				DEVELOPMENT_TEAM = 2EZ5QWFYX2;
				GENERATE_INFOPLIST_FILE = YES;
				INFOPLIST_FILE = HubbyBuddy/Info.plist;
				INFOPLIST_KEY_UIApplicationSupportsIndirectInputEvents = YES;
				INFOPLIST_KEY_UILaunchStoryboardName = LaunchScreen;
				INFOPLIST_KEY_UISupportedInterfaceOrientations_iPad = "UIInterfaceOrientationPortrait UIInterfaceOrientationPortraitUpsideDown UIInterfaceOrientationLandscapeLeft UIInterfaceOrientationLandscapeRight";
				INFOPLIST_KEY_UISupportedInterfaceOrientations_iPhone = "UIInterfaceOrientationPortrait UIInterfaceOrientationLandscapeLeft UIInterfaceOrientationLandscapeRight";
				IPHONEOS_DEPLOYMENT_TARGET = 14.0;
				LD_RUNPATH_SEARCH_PATHS = (
					"$(inherited)",
					"@executable_path/Frameworks",
				);
				MARKETING_VERSION = 1.0;
				PRODUCT_BUNDLE_IDENTIFIER = com.memolease.sesac1;
				PRODUCT_NAME = "$(TARGET_NAME)";
				SWIFT_EMIT_LOC_STRINGS = YES;
				SWIFT_VERSION = 5.0;
				TARGETED_DEVICE_FAMILY = "1,2";
			};
			name = Debug;
		};
		6B54634C2796C61900036A09 /* Release */ = {
			isa = XCBuildConfiguration;
			baseConfigurationReference = 9D9B8718E4B4031647B011BF /* Pods-HubbyBuddy.release.xcconfig */;
			buildSettings = {
				ASSETCATALOG_COMPILER_APPICON_NAME = AppIcon;
				ASSETCATALOG_COMPILER_GLOBAL_ACCENT_COLOR_NAME = AccentColor;
				CODE_SIGN_STYLE = Automatic;
				CURRENT_PROJECT_VERSION = 1;
				DEVELOPMENT_TEAM = 2EZ5QWFYX2;
				GENERATE_INFOPLIST_FILE = YES;
				INFOPLIST_FILE = HubbyBuddy/Info.plist;
				INFOPLIST_KEY_UIApplicationSupportsIndirectInputEvents = YES;
				INFOPLIST_KEY_UILaunchStoryboardName = LaunchScreen;
				INFOPLIST_KEY_UISupportedInterfaceOrientations_iPad = "UIInterfaceOrientationPortrait UIInterfaceOrientationPortraitUpsideDown UIInterfaceOrientationLandscapeLeft UIInterfaceOrientationLandscapeRight";
				INFOPLIST_KEY_UISupportedInterfaceOrientations_iPhone = "UIInterfaceOrientationPortrait UIInterfaceOrientationLandscapeLeft UIInterfaceOrientationLandscapeRight";
				IPHONEOS_DEPLOYMENT_TARGET = 14.0;
				LD_RUNPATH_SEARCH_PATHS = (
					"$(inherited)",
					"@executable_path/Frameworks",
				);
				MARKETING_VERSION = 1.0;
				PRODUCT_BUNDLE_IDENTIFIER = com.memolease.sesac1;
				PRODUCT_NAME = "$(TARGET_NAME)";
				SWIFT_EMIT_LOC_STRINGS = YES;
				SWIFT_VERSION = 5.0;
				TARGETED_DEVICE_FAMILY = "1,2";
			};
			name = Release;
		};
/* End XCBuildConfiguration section */

/* Begin XCConfigurationList section */
		6B5463312796C61300036A09 /* Build configuration list for PBXProject "HubbyBuddy" */ = {
			isa = XCConfigurationList;
			buildConfigurations = (
				6B5463482796C61900036A09 /* Debug */,
				6B5463492796C61900036A09 /* Release */,
			);
			defaultConfigurationIsVisible = 0;
			defaultConfigurationName = Release;
		};
		6B54634A2796C61900036A09 /* Build configuration list for PBXNativeTarget "HubbyBuddy" */ = {
			isa = XCConfigurationList;
			buildConfigurations = (
				6B54634B2796C61900036A09 /* Debug */,
				6B54634C2796C61900036A09 /* Release */,
			);
			defaultConfigurationIsVisible = 0;
			defaultConfigurationName = Release;
		};
/* End XCConfigurationList section */
	};
	rootObject = 6B54632E2796C61300036A09 /* Project object */;
}
